
Microsoft Visual Studio Solution File, Format Version 12.00
# Visual Studio Version 16
VisualStudioVersion = 16.0.29806.167
MinimumVisualStudioVersion = 10.0.40219.1
Project("{FAE04EC0-301F-11D3-BF4B-00C04F79EFBC}") = "GrpcService", "GrpcService\GrpcService.csproj", "{87F8464D-0D23-4CD8-AFC6-8AF77918FBDA}"
EndProject
Project("{FAE04EC0-301F-11D3-BF4B-00C04F79EFBC}") = "GrpcClient", "GrpcClient\GrpcClient.csproj", "{A7CA8D55-E53A-4D76-BD6A-01BDF8FF1BEB}"
EndProject
Project("{FAE04EC0-301F-11D3-BF4B-00C04F79EFBC}") = "GrpcDatabase", "GrpcDatabase\GrpcDatabase.csproj", "{320104AB-2E06-4F49-850A-0D945BBDEFC8}"
EndProject
Global
	GlobalSection(SolutionConfigurationPlatforms) = preSolution
		Debug|Any CPU = Debug|Any CPU
		Release|Any CPU = Release|Any CPU
	EndGlobalSection
	GlobalSection(ProjectConfigurationPlatforms) = postSolution
		{87F8464D-0D23-4CD8-AFC6-8AF77918FBDA}.Debug|Any CPU.ActiveCfg = Debug|Any CPU
		{87F8464D-0D23-4CD8-AFC6-8AF77918FBDA}.Debug|Any CPU.Build.0 = Debug|Any CPU
		{87F8464D-0D23-4CD8-AFC6-8AF77918FBDA}.Release|Any CPU.ActiveCfg = Release|Any CPU
		{87F8464D-0D23-4CD8-AFC6-8AF77918FBDA}.Release|Any CPU.Build.0 = Release|Any CPU
		{A7CA8D55-E53A-4D76-BD6A-01BDF8FF1BEB}.Debug|Any CPU.ActiveCfg = Debug|Any CPU
		{A7CA8D55-E53A-4D76-BD6A-01BDF8FF1BEB}.Debug|Any CPU.Build.0 = Debug|Any CPU
		{A7CA8D55-E53A-4D76-BD6A-01BDF8FF1BEB}.Release|Any CPU.ActiveCfg = Release|Any CPU
		{A7CA8D55-E53A-4D76-BD6A-01BDF8FF1BEB}.Release|Any CPU.Build.0 = Release|Any CPU
		{320104AB-2E06-4F49-850A-0D945BBDEFC8}.Debug|Any CPU.ActiveCfg = Debug|Any CPU
		{320104AB-2E06-4F49-850A-0D945BBDEFC8}.Debug|Any CPU.Build.0 = Debug|Any CPU
		{320104AB-2E06-4F49-850A-0D945BBDEFC8}.Release|Any CPU.ActiveCfg = Release|Any CPU
		{320104AB-2E06-4F49-850A-0D945BBDEFC8}.Release|Any CPU.Build.0 = Release|Any CPU
	EndGlobalSection
	GlobalSection(SolutionProperties) = preSolution
		HideSolutionNode = FALSE
	EndGlobalSection
	GlobalSection(ExtensibilityGlobals) = postSolution
		SolutionGuid = {6BB30E7F-2E57-4A21-AAE6-CF8D792F5089}
	EndGlobalSection
EndGlobal
